
Microsoft Visual Studio Solution File, Format Version 12.00
# Visual Studio Version 17
VisualStudioVersion = 17.14.36705.20
MinimumVisualStudioVersion = 10.0.40219.1
Project("{FAE04EC0-301F-11D3-BF4B-00C04F79EFBC}") = "TestAzureKernel", "..\FirstAzureKernel\TestAzureKernel.csproj", "{157AA9E0-8537-89EA-8228-E72B6E0BB4B7}"
EndProject
Project("{FAE04EC0-301F-11D3-BF4B-00C04F79EFBC}") = "NLP-Azure-Kernel-Function", "NLP-Azure-Kernel-Function.csproj", "{EEFD10C3-1C4A-A49B-F3EB-F634686D3D1E}"
EndProject
Global
	GlobalSection(SolutionConfigurationPlatforms) = preSolution
		Debug|Any CPU = Debug|Any CPU
		Release|Any CPU = Release|Any CPU
	EndGlobalSection
	GlobalSection(ProjectConfigurationPlatforms) = postSolution
		{157AA9E0-8537-89EA-8228-E72B6E0BB4B7}.Debug|Any CPU.ActiveCfg = Debug|Any CPU
		{157AA9E0-8537-89EA-8228-E72B6E0BB4B7}.Debug|Any CPU.Build.0 = Debug|Any CPU
		{157AA9E0-8537-89EA-8228-E72B6E0BB4B7}.Release|Any CPU.ActiveCfg = Release|Any CPU
		{157AA9E0-8537-89EA-8228-E72B6E0BB4B7}.Release|Any CPU.Build.0 = Release|Any CPU
		{EEFD10C3-1C4A-A49B-F3EB-F634686D3D1E}.Debug|Any CPU.ActiveCfg = Debug|Any CPU
		{EEFD10C3-1C4A-A49B-F3EB-F634686D3D1E}.Debug|Any CPU.Build.0 = Debug|Any CPU
		{EEFD10C3-1C4A-A49B-F3EB-F634686D3D1E}.Release|Any CPU.ActiveCfg = Release|Any CPU
		{EEFD10C3-1C4A-A49B-F3EB-F634686D3D1E}.Release|Any CPU.Build.0 = Release|Any CPU
	EndGlobalSection
	GlobalSection(SolutionProperties) = preSolution
		HideSolutionNode = FALSE
	EndGlobalSection
	GlobalSection(ExtensibilityGlobals) = postSolution
		SolutionGuid = {CDB273A2-BBDE-423A-8B1D-B953478047F6}
	EndGlobalSection
EndGlobal
